# This file is generated by running "yarn install" inside your project.
# Manual changes might be lost - proceed with caution!

__metadata:
  version: 7
  cacheKey: 9

"@pkgjs/parseargs@npm:^0.11.0":
  version: 0.11.0
  resolution: "@pkgjs/parseargs@npm:0.11.0"
  checksum: 9e828530eb8d3e5370972114de393d9f9cfd368f8a7b541fd0d4497c2f046245e907e05f4e07259bdf91ade8f7a0806f36a67099fbf20f62496dc00b843e2252
  languageName: node
  linkType: hard

"@rollup/plugin-virtual@npm:^3.0.1":
  version: 3.0.1
  resolution: "@rollup/plugin-virtual@npm:3.0.1"
  peerDependencies:
    rollup: ^1.20.0||^2.0.0||^3.0.0
  peerDependenciesMeta:
    rollup:
      optional: true
  checksum: 3503d7932d828cbb524fa5caf2af084395f84479ad82070d8edb46644afc46977acd8c8f89cf0fecba55ea8bb629020cea48dbd5407970212d13db829340290b
  languageName: node
  linkType: hard

"aggregate-error@npm:^3.0.0":
  version: 3.1.0
  resolution: "aggregate-error@npm:3.1.0"
  dependencies:
    clean-stack: "npm:^2.0.0"
    indent-string: "npm:^4.0.0"
  checksum: 676b1da86a0ff06a29d9a318109752990c28aae4600f6d094845a679f388a2a246402d993d223165d208122d81823235969132dc09439de2eee50a9f48fa9db9
  languageName: node
  linkType: hard

"ansi-escapes@npm:^4.3.0":
  version: 4.3.2
  resolution: "ansi-escapes@npm:4.3.2"
  dependencies:
    type-fest: "npm:^0.21.3"
  checksum: da33f33b3b792e7273cefc1ec150afbc332cab602757d2ab70fb90e5c5cfa173b10bc4a0d9d0c60479ed60e25cdf35897a82f1e498987358a6087b99300872cc
  languageName: node
  linkType: hard

"ansi-regex@npm:^5.0.1":
  version: 5.0.1
  resolution: "ansi-regex@npm:5.0.1"
  checksum: 627f94ee7fcc5e03186646ebd11ca2ccd954f3cb48fc6a3f42883db6bbf3df5dfba06d62647b2f72c975349fc072c5c44808b7da26d08a9313a7f304acda2efb
  languageName: node
  linkType: hard

"ansi-regex@npm:^6.0.1":
  version: 6.0.1
  resolution: "ansi-regex@npm:6.0.1"
  checksum: 53669c3634190ead828055bcae5f0feff485fd8d7d05538d4f753ad56ffedb7aa5bcc93efaa8e99e4907ad970682413f2407cf4acac8deb1d408bc564bca9027
  languageName: node
  linkType: hard

"ansi-styles@npm:^4.0.0":
  version: 4.3.0
  resolution: "ansi-styles@npm:4.3.0"
  dependencies:
    color-convert: "npm:^2.0.1"
  checksum: d15dab617b78cbc96f10016e929e921ad73695753de4e45a911ecee6e29aa45c71d58f1ffaf8e49889dbe726dbdb2bbe5b4e3a7bf1c517f8740ae83a29b7df25
  languageName: node
  linkType: hard

"ansi-styles@npm:^6.0.0":
  version: 6.1.0
  resolution: "ansi-styles@npm:6.1.0"
  checksum: cd798a83b2e8d55f609e2a77aed1a34a578388604634e326784cb7fe7e4153ff6bb5ae68e037521feacd6cc8ea899963d0bc17b3f3d01f378a0fb615faf41d91
  languageName: node
  linkType: hard

"astral-regex@npm:^2.0.0":
  version: 2.0.0
  resolution: "astral-regex@npm:2.0.0"
  checksum: e24f6eb6f33ba55ffe8d89c60ab490791cd29772a896339388db11efcbfcd6da0d6ed59b655933f7c26ca4c2ae926f86d21bdedb142b69829d9d4a1074faa1d2
  languageName: node
  linkType: hard

"balanced-match@npm:^1.0.0":
  version: 1.0.2
  resolution: "balanced-match@npm:1.0.2"
  checksum: 9ca7fca1845f06edbd8478e209a2e8eed5bb148a021719e77affeaf0c61e45af20279e4540a9f11942acc27c078fc132ff0ebc9c16a403033cff5af3d8199f40
  languageName: node
  linkType: hard

"brace-expansion@npm:^2.0.1":
  version: 2.0.1
  resolution: "brace-expansion@npm:2.0.1"
  dependencies:
    balanced-match: "npm:^1.0.0"
  checksum: 0f8d0d6a165d636fed93a7dd9321a5ae122cac9a672d8a9e01997e4ae09743cb3cbfb0a6e6b32303cda0f1f40617e2c0953f28f59a6f01d6d12c9698a3f0e41b
  languageName: node
  linkType: hard

"braces@npm:^3.0.2":
  version: 3.0.2
  resolution: "braces@npm:3.0.2"
  dependencies:
    fill-range: "npm:^7.0.1"
  checksum: 1aa7f7f39e1dff23894196303515503dd945f36adcb78073ee067b421ecc595265556911183b24d1bc4e51011d3536d63d117cb4493e5123fcc7456596a93637
  languageName: node
  linkType: hard

"clean-stack@npm:^2.0.0":
  version: 2.2.0
  resolution: "clean-stack@npm:2.2.0"
  checksum: 0a476c914f0a5e9e12b215729e1a633fcbdd47b8c3d508ebe6441f2ef8d5047fdd0800926349dd18253db4bfcab3e48aa0aca1f2e7f5d614f7194778d7851be4
  languageName: node
  linkType: hard

"cli-cursor@npm:^3.1.0":
  version: 3.1.0
  resolution: "cli-cursor@npm:3.1.0"
  dependencies:
    restore-cursor: "npm:^3.1.0"
  checksum: 953cdb0291450958e4745da72c078865555c4cce31d48681a51266d14c44ab0641d819762044fd25d6220eebbc878a38acfad913d633eafd3403f9637b1ba4b0
  languageName: node
  linkType: hard

"cli-truncate@npm:^2.1.0":
  version: 2.1.0
  resolution: "cli-truncate@npm:2.1.0"
  dependencies:
    slice-ansi: "npm:^3.0.0"
    string-width: "npm:^4.2.0"
  checksum: 883f07a00218d9e78d2370fb94a0afd4c9898ed76b99613db0b6ac54fb5ce597d26857cae09fa0bc700eb6f43e1e60437bd17d1b909965d603ef203cd7a09a17
  languageName: node
  linkType: hard

"cli-truncate@npm:^3.1.0":
  version: 3.1.0
  resolution: "cli-truncate@npm:3.1.0"
  dependencies:
    slice-ansi: "npm:^5.0.0"
    string-width: "npm:^5.0.0"
  checksum: 4d91d570b19e3800d1b8e83ca08f03e6453cc0f6ea081deca0e3458d42bb5c148890b8b2bf2b5db9d59cfe214eaaa0df078563e5d8892537e295a2938ca27b06
  languageName: node
  linkType: hard

"cliui@npm:^7.0.4":
  version: 7.0.4
  resolution: "cliui@npm:7.0.4"
  dependencies:
    string-width: "npm:^4.2.0"
    strip-ansi: "npm:^6.0.0"
    wrap-ansi: "npm:^7.0.0"
  checksum: 11f16da76b7dc4a78bce29ea89445e2ad30cc7cf78954813095d187cc17924461cf42f941d481cd920ab1672221c709af677436179d6cb87f6176139117664aa
  languageName: node
  linkType: hard

"color-convert@npm:^2.0.1":
  version: 2.0.1
  resolution: "color-convert@npm:2.0.1"
  dependencies:
    color-name: "npm:~1.1.4"
  checksum: bf4d19d12621eae71a531e5b977f46717b15e0d3253f25790f5779b7577124e4d9c4597df05cee79e8f8e8fc14add04e738a659ee4336ee0cc5587ebc3c602e7
  languageName: node
  linkType: hard

"color-name@npm:~1.1.4":
  version: 1.1.4
  resolution: "color-name@npm:1.1.4"
  checksum: 80acf64638343898f5b36825f4c9715ced380e738400b308f3f90ca2327f2f98f0c2cfb1f1a6447f267a2e1d1ea2214f26e948d8acab547e5478e2b0816c7c30
  languageName: node
  linkType: hard

"colorette@npm:^2.0.19":
  version: 2.0.19
  resolution: "colorette@npm:2.0.19"
  checksum: f887e4f7608a1a37037f0b9f7da4d1608e2e1ac0126b87c4c143ff0348bc586173b86fde37f71f1b7742cd1c04285d0cb3cbeab391935886c86a162f4f2b5b87
  languageName: node
  linkType: hard

"commander@npm:^9.4.1":
  version: 9.4.1
  resolution: "commander@npm:9.4.1"
  checksum: 7d4c1f3bd4ad451f43fce51b9c73dc2d61fca00a9249196aa2d3d66fc46f2460c917c73ea9221c278fb8d35f496384f5125806e69108581a8e8bc673752c94e6
  languageName: node
  linkType: hard

"cross-spawn@npm:^7.0.0, cross-spawn@npm:^7.0.3":
  version: 7.0.3
  resolution: "cross-spawn@npm:7.0.3"
  dependencies:
    path-key: "npm:^3.1.0"
    shebang-command: "npm:^2.0.0"
    which: "npm:^2.0.1"
  checksum: 37ec685f91f04d4719892f305fa6f632aae256df7f2f3f98d5c36f2197651ad7b77851aaa2d397d19a9555f0fb89fa18f9bb3ff4b440535cc0fb4fe0a72004b9
  languageName: node
  linkType: hard

"debug@npm:^4.3.4":
  version: 4.3.4
  resolution: "debug@npm:4.3.4"
  dependencies:
    ms: "npm:2.1.2"
  peerDependenciesMeta:
    supports-color:
      optional: true
  checksum: ab50d98b6f2a0e803379e8f789017f4215efd0e085774623e462c691e9f99bfd359a35f7424ff401da3ea58b31f89ceebc9ea35779b4a94f78b0ee3e235b6640
  languageName: node
  linkType: hard

"eastasianwidth@npm:^0.2.0":
  version: 0.2.0
  resolution: "eastasianwidth@npm:0.2.0"
  checksum: 0b403fab07c8a53488ea6212435f12b8eeec0b0b828554381b333ea1e41104a137cfe812fa83d021ea0270eb6249226bb0dcb61f8f94bed52b943fa2f720542f
  languageName: node
  linkType: hard

"emoji-regex@npm:^8.0.0":
  version: 8.0.0
  resolution: "emoji-regex@npm:8.0.0"
  checksum: 0b84c9059a3f051e3da79112ee450f22bc8466dde2a7e09a0b1fc4eff3b98183596e6e2704d5356266851e2a013d95467421eb81c36408fbab1aeb3fc5e4764f
  languageName: node
  linkType: hard

"emoji-regex@npm:^9.2.2":
  version: 9.2.2
  resolution: "emoji-regex@npm:9.2.2"
  checksum: ef0642d76f5116a04296a85ec167696b91ca8a1373d3cd13ec3acfb0f6a77d4d1c6ce94192ab31f8bad5ca69fbd01b556638fdf389128fea48fb5f6c2c754b45
  languageName: node
  linkType: hard

"execa@npm:^6.1.0":
  version: 6.1.0
  resolution: "execa@npm:6.1.0"
  dependencies:
    cross-spawn: "npm:^7.0.3"
    get-stream: "npm:^6.0.1"
    human-signals: "npm:^3.0.1"
    is-stream: "npm:^3.0.0"
    merge-stream: "npm:^2.0.0"
    npm-run-path: "npm:^5.1.0"
    onetime: "npm:^6.0.0"
    signal-exit: "npm:^3.0.7"
    strip-final-newline: "npm:^3.0.0"
  checksum: ebe384facfb5c4e7007828a518fedb2d7704bd10e69d4584de4427d47ceadf1e9377203f4ca754c17e1a82a492b5eefad64dda65fa473bf756ab6de62124651e
  languageName: node
  linkType: hard

"fill-range@npm:^7.0.1":
  version: 7.0.1
  resolution: "fill-range@npm:7.0.1"
  dependencies:
    to-regex-range: "npm:^5.0.1"
  checksum: e5ccb299de8a12ea5dcef663f658933e2fbdf40aeab3e7e5af9132e82d7f6bdd0984ac2e122dc1825707f33917c308bc40b632b852331c900c317c5d64bb7bf0
  languageName: node
  linkType: hard

"foreground-child@npm:^3.1.0":
  version: 3.1.1
  resolution: "foreground-child@npm:3.1.1"
  dependencies:
    cross-spawn: "npm:^7.0.0"
    signal-exit: "npm:^4.0.1"
  checksum: eb24fc60e34157c0f05b8689015dfaff98141484992f06f19ee0b4b069304c337af1caf5478eee42aea846235ce54699bbc530889eccd746bf4da1dc29ba6c32
  languageName: node
  linkType: hard

"get-stream@npm:^6.0.1":
  version: 6.0.1
  resolution: "get-stream@npm:6.0.1"
  checksum: 20a00f890236e3dafa7cb2ca44f779d8547544a8cafd3d6e8e19f0c38c1b577273e49615c1de08cb94b6b10470539bcd1f3620ecedc0cff12ed131d9b5dc5fd2
  languageName: node
  linkType: hard

"glob@npm:^10.0.0":
  version: 10.2.2
  resolution: "glob@npm:10.2.2"
  dependencies:
    foreground-child: "npm:^3.1.0"
    jackspeak: "npm:^2.0.3"
    minimatch: "npm:^9.0.0"
    minipass: "npm:^5.0.0"
    path-scurry: "npm:^1.7.0"
  bin:
    glob: dist/cjs/src/bin.js
  checksum: 9ca0e52241115ba2ab302bccb346b71fc99a5760972cc94df23fdd714db32c1f2d6ebc91c07e53f2434235890db71cdd601213f50a1a44e2d2c2793e2746da9a
  languageName: node
  linkType: hard

"human-signals@npm:^3.0.1":
  version: 3.0.1
  resolution: "human-signals@npm:3.0.1"
  checksum: 00cff8f78516e925bef0d0bc65dfbf8bfad876ef3dc1aeec98f2ba845b56e9a58972a9e002323ef7e6de08b2a2fc0cb9a27ddadf7fae608b2828d241d6ae32b3
  languageName: node
  linkType: hard

"husky@npm:^8.0.3":
  version: 8.0.3
  resolution: "husky@npm:8.0.3"
  bin:
    husky: lib/bin.js
  checksum: 016ab53f21f39af1b2387559faa9cb6e2bbbe6d3cccd64c186efe204ca4634fc11dca369da9aabe7cde4293573abe12f9b7251f20bef39ea33d8e1e8f0847550
  languageName: node
  linkType: hard

"indent-string@npm:^4.0.0":
  version: 4.0.0
  resolution: "indent-string@npm:4.0.0"
  checksum: f4ab9e229c120377a63fce905062e5fdf1c300ca01b72401dda5aa991e8f614fdb2f99fe7cc37ef3234413da4ab43d5a4f905356fdffb9d078e83806d274719c
  languageName: node
  linkType: hard

"is-fullwidth-code-point@npm:^3.0.0":
  version: 3.0.0
  resolution: "is-fullwidth-code-point@npm:3.0.0"
  checksum: c06b5792b82dcdedb41858cdb07ca4ae5b9a853ad65c91529533221f384d751bedd8ad8db5a527cb219fd989c32a0faa0833312b6a190fe597acdd23165ef724
  languageName: node
  linkType: hard

"is-fullwidth-code-point@npm:^4.0.0":
  version: 4.0.0
  resolution: "is-fullwidth-code-point@npm:4.0.0"
  checksum: 071ac737fb85429562e1835d423aaf0b369675bcf066681066bf71198bd85ccbc5e2d623a3ede0d8252c5d1b1d89d3b1d9920b42cba151822a0d056c49fad60f
  languageName: node
  linkType: hard

"is-number@npm:^7.0.0":
  version: 7.0.0
  resolution: "is-number@npm:7.0.0"
  checksum: 748df55ae14cc960b090a7611932940df9fa703b7e0fb4f73943b4eb94c4b5391f27ba3881fab8f5bf7a2f097490e812db0d58d05c92154e70fdf14f93d6fa95
  languageName: node
  linkType: hard

"is-stream@npm:^3.0.0":
  version: 3.0.0
  resolution: "is-stream@npm:3.0.0"
  checksum: 9cb18df7e094ff4907395e27527c6615cd7f48343d71c17af79079df642710a72c5f8d2090512d738c5b05989f124be0a6e031f8c459bb8d2f512e503d54695b
  languageName: node
  linkType: hard

"isexe@npm:^2.0.0":
  version: 2.0.0
  resolution: "isexe@npm:2.0.0"
  checksum: b37fe0a7983c0c151c7b31ca716405aaea190ac9cd6ef3f79355f4afb043ed4d3182a6addd73b20df7a0b229269737ad0daf64116821a048bfbe6b8fb7eb842c
  languageName: node
  linkType: hard

"jackspeak@npm:^2.0.3":
  version: 2.1.0
  resolution: "jackspeak@npm:2.1.0"
  dependencies:
    "@pkgjs/parseargs": "npm:^0.11.0"
    cliui: "npm:^7.0.4"
  dependenciesMeta:
    "@pkgjs/parseargs":
      optional: true
  checksum: 88e709028af2263a0786aec4796eb2b8fbacac485e8fc90091dc217e761782d4e23f85386f2d3407e3b3f124f214d808c0491d41079496591b265bdc27f56227
  languageName: node
  linkType: hard

"lilconfig@npm:2.0.6":
  version: 2.0.6
  resolution: "lilconfig@npm:2.0.6"
  checksum: 12b2f81da97b0f00a06d13a0a86d40c00ce46cc24fcb46b70b374af9593adf4e8a013047101535611c98b5edd10fdeb30942823cb237361c01d033049725a8aa
  languageName: node
  linkType: hard

"lint-staged@npm:^13.1.2":
  version: 13.1.2
  resolution: "lint-staged@npm:13.1.2"
  dependencies:
    cli-truncate: "npm:^3.1.0"
    colorette: "npm:^2.0.19"
    commander: "npm:^9.4.1"
    debug: "npm:^4.3.4"
    execa: "npm:^6.1.0"
    lilconfig: "npm:2.0.6"
    listr2: "npm:^5.0.5"
    micromatch: "npm:^4.0.5"
    normalize-path: "npm:^3.0.0"
    object-inspect: "npm:^1.12.2"
    pidtree: "npm:^0.6.0"
    string-argv: "npm:^0.3.1"
    yaml: "npm:^2.1.3"
  bin:
    lint-staged: bin/lint-staged.js
  checksum: f359c7629a1e94f8c849435aecb6101b4379bfb735d9e9d1ae278b4c640e5c2d0ab640044daebf50a988acd55275c06718654e74d98b76ed7daf57a44f9bc466
  languageName: node
  linkType: hard

"listr2@npm:^5.0.5":
  version: 5.0.5
  resolution: "listr2@npm:5.0.5"
  dependencies:
    cli-truncate: "npm:^2.1.0"
    colorette: "npm:^2.0.19"
    log-update: "npm:^4.0.0"
    p-map: "npm:^4.0.0"
    rfdc: "npm:^1.3.0"
    rxjs: "npm:^7.5.6"
    through: "npm:^2.3.8"
    wrap-ansi: "npm:^7.0.0"
  peerDependencies:
    enquirer: ">= 2.3.0 < 3"
  peerDependenciesMeta:
    enquirer:
      optional: true
  checksum: d7d9789a38f7c90257bdcb303ed313d4af6e38bf01a84f3e1c3d1805586943e5e3073d2a67c4e2ccbf5cd5349c358553a27b26cff5ebb8fb9a7f38ce6f14d738
  languageName: node
  linkType: hard

"log-update@npm:^4.0.0":
  version: 4.0.0
  resolution: "log-update@npm:4.0.0"
  dependencies:
    ansi-escapes: "npm:^4.3.0"
    cli-cursor: "npm:^3.1.0"
    slice-ansi: "npm:^4.0.0"
    wrap-ansi: "npm:^6.2.0"
  checksum: b508aeb81f60fab087e44f9eb8591a22b791caa3df8363da9b171518f36406151a9590db573acbb7eeb8b49874944d3bf844d5dee734f810ad8b5a3c5eadbabf
  languageName: node
  linkType: hard

"lru-cache@npm:^9.0.0":
  version: 9.1.1
  resolution: "lru-cache@npm:9.1.1"
  checksum: 38c35791c90181b6810cbcd03f3808f335d4d9602fa86591b729dea72d7fb67e91765f97f94fa8af5dbe9b04f8e0e41f62223fd7249163c37354442bb26c8a61
  languageName: node
  linkType: hard

"merge-stream@npm:^2.0.0":
  version: 2.0.0
  resolution: "merge-stream@npm:2.0.0"
  checksum: 39a20c6f74e424ffb406cba0f4907c9ce06a85c84fb42a5628c6a39cd56fb3e70481b6f4d3412cf502cc3416c6e14d8d9ae6b2a4d461e56879350741220bd1e9
  languageName: node
  linkType: hard

"micromatch@npm:^4.0.5":
  version: 4.0.5
  resolution: "micromatch@npm:4.0.5"
  dependencies:
    braces: "npm:^3.0.2"
    picomatch: "npm:^2.3.1"
  checksum: 260305ba8cb1f073a39bbaa31edc93f7587399a094417541dc771402f83c78819ed76743c810c9fcf1c449f09bfb4de263dad8507d532e4e86063a87158a2ad6
  languageName: node
  linkType: hard

"mimic-fn@npm:^2.1.0":
  version: 2.1.0
  resolution: "mimic-fn@npm:2.1.0"
  checksum: 416cdf3021e8d7fc741a12ec084f4c33af4ea3a4bb3d840fab0f3a786a2d9458aa1fd284fab707f3dc1e356cb6b7c9af84b17273a6433955e11494cae4ea856e
  languageName: node
  linkType: hard

"mimic-fn@npm:^4.0.0":
  version: 4.0.0
  resolution: "mimic-fn@npm:4.0.0"
  checksum: 6854bdfe4abeb91b19fc0d1bbec01ad065fde2d2c03c81557eb7a1ed3354c1c956962e293bd97bc110b7b24fa30a3345d8756bbbed82e458cc68a45521eb7813
  languageName: node
  linkType: hard

"minimatch@npm:^9.0.0":
  version: 9.0.0
  resolution: "minimatch@npm:9.0.0"
  dependencies:
    brace-expansion: "npm:^2.0.1"
  checksum: 07983996ed1698bb849aa39b42e295c76255720663ee53e5cf1904a87cf652ba54e038efabe3fa673e8fe2f64ab7872985b27a36da26220a2325162e7bededbe
  languageName: node
  linkType: hard

"minipass@npm:^5.0.0":
  version: 5.0.0
  resolution: "minipass@npm:5.0.0"
  checksum: dac2e1960990ca7c288834e7311e029828d9ae4c90fdabae95a3ea269592871feaa755a1ef9241d487e6fe59d86a43e1d8bac41c47f13c3c0add0799ab500a0b
  languageName: node
  linkType: hard

"ms@npm:2.1.2":
  version: 2.1.2
  resolution: "ms@npm:2.1.2"
  checksum: 3f46af60a08158f1c77746c06c2f6c7aba7feddafd41335f9baa2d7e0741d7539774aa7d5d1661a7f2b7eed55a7063771297eea016051924dbb04d4c2bf40bcb
  languageName: node
  linkType: hard

"normalize-path@npm:^3.0.0":
  version: 3.0.0
  resolution: "normalize-path@npm:3.0.0"
  checksum: 66de83885051c8a7266566cb175281ec583e3d66b5054c744b46a0eebc4eaac1e1d74c640aaf72144086a9661aa60e89ac0b5c92eb76608e5b8a5056dbcf9e27
  languageName: node
  linkType: hard

"npm-run-path@npm:^5.1.0":
  version: 5.1.0
  resolution: "npm-run-path@npm:5.1.0"
  dependencies:
    path-key: "npm:^4.0.0"
  checksum: f27be5e6bba147df4c7f6869e7520a91a142c765a6d414ed1e1b111104cd8b2530befab9995c9f12482ee97eec234ba7cbb818cb16dd7a746131888528c57271
  languageName: node
  linkType: hard

"object-inspect@npm:^1.12.2":
  version: 1.12.2
  resolution: "object-inspect@npm:1.12.2"
  checksum: 46e3fc4cb6a51a37c21c68bdf682befc2e50a0d1643d1f7cbdce9a5fd13e9d44ae8cbbf1b05f0c8daf739c02eb9044d825544e25c3aef2a7d315980c8c7ccb71
  languageName: node
  linkType: hard

"onetime@npm:^5.1.0":
  version: 5.1.2
  resolution: "onetime@npm:5.1.2"
  dependencies:
    mimic-fn: "npm:^2.1.0"
  checksum: 69704199051db0cf44c6c7196bada91387e2a9d171b4585a55c5ce518e64522007e2bcd35833ce5663078bb72042af4cd69289586fef4f74655f604b5e02a617
  languageName: node
  linkType: hard

"onetime@npm:^6.0.0":
  version: 6.0.0
  resolution: "onetime@npm:6.0.0"
  dependencies:
    mimic-fn: "npm:^4.0.0"
  checksum: 652280f3e6536e1393b5bd59b26ae46522cb40459ed39662bc287b57f374ba299e7025b0510f068dfb10cceec2fb86b369ffcc5eef5f9b9c28d21ccd2476364a
  languageName: node
  linkType: hard

"p-map@npm:^4.0.0":
  version: 4.0.0
  resolution: "p-map@npm:4.0.0"
  dependencies:
    aggregate-error: "npm:^3.0.0"
  checksum: 619df8954fe81933903bc760e9884d85540ef7e8f6c24c4e28e2c8f0ad14d480bb7d4541787eee2e2d61aa0fae8b54abc42f7afc35db457884e589386e78a922
  languageName: node
  linkType: hard

"path-key@npm:^3.1.0":
  version: 3.1.1
  resolution: "path-key@npm:3.1.1"
  checksum: 93ee8a32e3be43548ece14eba2620bf5164884d0cc1aa3615d136567a39e02066c9b5aeb5b6747d766af55936151c95d9371ba46d4fcf361db9691505650c001
  languageName: node
  linkType: hard

"path-key@npm:^4.0.0":
  version: 4.0.0
  resolution: "path-key@npm:4.0.0"
  checksum: bcf9db787d460568a6f348d00be2e88cafa9eef1b98d7cbd86f8d9d7c760a4d16ed54a1ad6a4bd436c4fc19f3f47c99b870016b304bfdca56b4cbcdb722b2a0c
  languageName: node
  linkType: hard

"path-scurry@npm:^1.7.0":
  version: 1.7.0
  resolution: "path-scurry@npm:1.7.0"
  dependencies:
    lru-cache: "npm:^9.0.0"
    minipass: "npm:^5.0.0"
  checksum: b51b3abc6b555915bed2aa2de7247e4e8a553cabd5a7662ede231deef85cd6210329e6902aeb62dc54d209ca5da2c8159dbcb6f13f3caa337b0820f9b1af2736
  languageName: node
  linkType: hard

"picomatch@npm:^2.3.1":
  version: 2.3.1
  resolution: "picomatch@npm:2.3.1"
  checksum: 6ba5938c24af2c5918e94b39aa0ad48d71f2c30634de69d46e0bd32feb666de4e909406db6ffb78f98d39ef450d6a41b6fa3954dc3659d7b2b750766c1261e5e
  languageName: node
  linkType: hard

"pidtree@npm:^0.6.0":
  version: 0.6.0
  resolution: "pidtree@npm:0.6.0"
  bin:
    pidtree: bin/pidtree.js
  checksum: 597e8bf8f7b038a3640749ffb51cd39f54113e2f2db7158de0bac8194d44dd550a6af30a099fc7e9b81463f3c5ca6447c9e9f300a4bd583e205087e656819eaf
  languageName: node
  linkType: hard

"restore-cursor@npm:^3.1.0":
  version: 3.1.0
  resolution: "restore-cursor@npm:3.1.0"
  dependencies:
    onetime: "npm:^5.1.0"
    signal-exit: "npm:^3.0.2"
  checksum: c0480003dbdebd1a4cfc75287b073a2ce66fb7eaa611282a5dc27593a9edaa39a030fa8ad765f1cb8689f71dbe57988baa8300f60e26a2a8240e41aae25f4de9
  languageName: node
  linkType: hard

"rfdc@npm:^1.3.0":
  version: 1.3.0
  resolution: "rfdc@npm:1.3.0"
  checksum: 9ced4765721871fd25557302aac79c252fd2ce6e79b94321fc32c9c6fbecbb7207f8566672bc5421aeeb8f1b673b1c9af2a7a13c4e1d8f53ac481f8d32645409
  languageName: node
  linkType: hard

"rimraf@npm:^5.0.0":
  version: 5.0.0
  resolution: "rimraf@npm:5.0.0"
  dependencies:
    glob: "npm:^10.0.0"
  bin:
    rimraf: dist/cjs/src/bin.js
  checksum: 67d11322c6236df8a99aa1c2d0b019193fe1d60804dcf0a964b35f9d10950ce72e5f970de6f04b4ecbb575dac6ee01499c6946e989278d45829dca892a87f30d
  languageName: node
  linkType: hard

"root-workspace-0b6124@workspace:.":
  version: 0.0.0-use.local
  resolution: "root-workspace-0b6124@workspace:."
  dependencies:
    "@rollup/plugin-virtual": "npm:^3.0.1"
    husky: "npm:^8.0.3"
    lint-staged: "npm:^13.1.2"
    rimraf: "npm:^5.0.0"
  languageName: unknown
  linkType: soft

"rxjs@npm:^7.5.6":
  version: 7.5.7
  resolution: "rxjs@npm:7.5.7"
  dependencies:
    tslib: "npm:^2.1.0"
  checksum: 9f40c5ba7904afbffe4a8c5fec9cb35dbd21cac55e20e004fe405f9712efef11d23a0baa23682a16d448976d5795ed66fd843c5f00329dd6e491676373610a79
  languageName: node
  linkType: hard

"shebang-command@npm:^2.0.0":
  version: 2.0.0
  resolution: "shebang-command@npm:2.0.0"
  dependencies:
    shebang-regex: "npm:^3.0.0"
  checksum: 5907a8d5facbefbd4dc8d21778d2136d5d22d61b5526452d92d46662614f0ed57090e7adf7184fe9d2d5ef75af9f05d7573437e10b37f2e6fdeeeb5f59fd9ada
  languageName: node
  linkType: hard

"shebang-regex@npm:^3.0.0":
  version: 3.0.0
  resolution: "shebang-regex@npm:3.0.0"
  checksum: 6be1588a86ed74d05481d09a6ef6a8db44550fda9785ae08c3df06717abc2e5e9a11804b1d0ac9b0641870c5ebf545e18c8d348bc105ba09227e6a32415ea1d6
  languageName: node
  linkType: hard

"signal-exit@npm:^3.0.2, signal-exit@npm:^3.0.7":
  version: 3.0.7
  resolution: "signal-exit@npm:3.0.7"
  checksum: 5cf7525c55a72d8d104d914acf2e470f74b2c156197277ad7b331bc5de3d8790170fed3c82ff98c7c31adaa8ff941bfd5ba44f55171cbe8ed0e939fa82a8322a
  languageName: node
  linkType: hard

"signal-exit@npm:^4.0.1":
  version: 4.0.1
  resolution: "signal-exit@npm:4.0.1"
  checksum: ef082de589167a239a5cae4ab844dc8fac10b268d519ac34dbcb154990acb70c83a779b1843c5ad94eb3ef4d2c666df1da5685a930848c02a8e395050282332e
  languageName: node
  linkType: hard

"slice-ansi@npm:^3.0.0":
  version: 3.0.0
  resolution: "slice-ansi@npm:3.0.0"
  dependencies:
    ansi-styles: "npm:^4.0.0"
    astral-regex: "npm:^2.0.0"
    is-fullwidth-code-point: "npm:^3.0.0"
  checksum: e7788a1baa89dabce835b099e72d1d30cf48332faa9431327ec3b6aefe4de3f84802e63d706374927eb80e30102f3b3a3c5239b5c63e3f671459003e00148677
  languageName: node
  linkType: hard

"slice-ansi@npm:^4.0.0":
  version: 4.0.0
  resolution: "slice-ansi@npm:4.0.0"
  dependencies:
    ansi-styles: "npm:^4.0.0"
    astral-regex: "npm:^2.0.0"
    is-fullwidth-code-point: "npm:^3.0.0"
  checksum: ba7c41e1dd5b9dffe4cdf661d0abf3a746917965ec9022126b21380b4a8afd9bbbab6a7407b1d843b94431fdbb30c841e0d325a3afeeb269255c9cdfb5584259
  languageName: node
  linkType: hard

"slice-ansi@npm:^5.0.0":
  version: 5.0.0
  resolution: "slice-ansi@npm:5.0.0"
  dependencies:
    ansi-styles: "npm:^6.0.0"
    is-fullwidth-code-point: "npm:^4.0.0"
  checksum: 6d94805ff2cc473bd610de967b60d915e6df967fad8d47b8ebcd8a02d915400f808e49c1982bcfbdc47fde230c0274f36e016ed2284ec9254e737c728ab3b59d
  languageName: node
  linkType: hard

"string-argv@npm:^0.3.1":
  version: 0.3.1
  resolution: "string-argv@npm:0.3.1"
  checksum: a15b435702d7e13b85ed88b4d1ad566a8b085585c86eb4e18b2cb32d38565d0b04c69da30c9fbb968ed02628bed97a296984bc9ab703f8fd467dc07b213fb326
  languageName: node
  linkType: hard

"string-width@npm:^4.1.0, string-width@npm:^4.2.0":
  version: 4.2.3
  resolution: "string-width@npm:4.2.3"
  dependencies:
    emoji-regex: "npm:^8.0.0"
    is-fullwidth-code-point: "npm:^3.0.0"
    strip-ansi: "npm:^6.0.1"
  checksum: aa0f3e082b461e0dc8c54334ef2c748b777e7529c34d348ee16e69690da45e24f223804d94060633126462e2aa4906d6fbfab882f34036a9f4ccd3dbcd2d6931
  languageName: node
  linkType: hard

"string-width@npm:^5.0.0":
  version: 5.1.2
  resolution: "string-width@npm:5.1.2"
  dependencies:
    eastasianwidth: "npm:^0.2.0"
    emoji-regex: "npm:^9.2.2"
    strip-ansi: "npm:^7.0.1"
  checksum: cb2b2392bfd8114452b7adbe578d0472d706e01792a6b7cd35f15fe3afbda37fa26348cb984d01acebd5f9ccdb0e62a0c57cc0ec1fc7c2a5d01ef83e5afd8807
  languageName: node
  linkType: hard

"strip-ansi@npm:^6.0.0, strip-ansi@npm:^6.0.1":
  version: 6.0.1
  resolution: "strip-ansi@npm:6.0.1"
  dependencies:
    ansi-regex: "npm:^5.0.1"
  checksum: 056ca08f8097351060572eee207ec66247937d7248780a3d643b5eed7d6b5ca6a0990a4f921ffd329e8e9b66427a384237892ac3cb47463adf7d040b154084ec
  languageName: node
  linkType: hard

"strip-ansi@npm:^7.0.1":
  version: 7.0.1
  resolution: "strip-ansi@npm:7.0.1"
  dependencies:
    ansi-regex: "npm:^6.0.1"
  checksum: 552123468abae97929da64559af9c13f4518f8ea199038089bf5e49d7860d708e5e29b2e6401fcbab6f99f2c42f865c15a1976bcf51c5165f82152c7ce9a1043
  languageName: node
  linkType: hard

"strip-final-newline@npm:^3.0.0":
  version: 3.0.0
  resolution: "strip-final-newline@npm:3.0.0"
  checksum: 0b05a6bdafc591cf7d9eb40b74a976eeb0a65ce03b061436fc55a91e96572e0dd84f02efe24169cd3ec83691c448456370b40a3c852acc45e61af0782a797987
  languageName: node
  linkType: hard

"through@npm:^2.3.8":
  version: 2.3.8
  resolution: "through@npm:2.3.8"
  checksum: c9d6883ace26b3c967283827cafdd4ceee6164fa4d3754865f5032dcb564e0cbdea9dc6f43806afa51e1f2863d8e3beca141cbf7b8dcff989982aef69bb851c0
  languageName: node
  linkType: hard

"to-regex-range@npm:^5.0.1":
  version: 5.0.1
  resolution: "to-regex-range@npm:5.0.1"
  dependencies:
    is-number: "npm:^7.0.0"
  checksum: 16564897c76bbd25bd3c375ee8d4b1fd3ac965fc4ab550ff034a1dddb53816ec06dc27095468394ad4de5978d5e831a9d1ae4cb31080dc4ebd9ba80a47dc1a4f
  languageName: node
  linkType: hard

"tslib@npm:^2.1.0":
  version: 2.4.0
  resolution: "tslib@npm:2.4.0"
  checksum: 022a70708abbc3491734959effd9a87e6e0af5932b61d0c9f1d07b8b80cabbbfc9fc9e9c0fe86e5ab2d32d766ae30117edf00b02d170ff255ab7e60361a4b711
  languageName: node
  linkType: hard

"type-fest@npm:^0.21.3":
  version: 0.21.3
  resolution: "type-fest@npm:0.21.3"
  checksum: b64cd677e7d579f929d8d14bccdad0ca5da9013124f11457ce9cc255e3141dd453128a46fed2e03f38c0c2319853118edcfb118d1f4e4f09091f6bbdb91ce467
  languageName: node
  linkType: hard

"which@npm:^2.0.1":
  version: 2.0.2
  resolution: "which@npm:2.0.2"
  dependencies:
    isexe: "npm:^2.0.0"
  bin:
    node-which: ./bin/node-which
  checksum: 3728616c789b289c36ba2572887145e0736f06fe3435b8fef17e27eb5ec0696f61a21e356dd7fa58486346e57186863afa1b6c27c7665f7e674c8124f7f61157
  languageName: node
  linkType: hard

"wrap-ansi@npm:^6.2.0":
  version: 6.2.0
  resolution: "wrap-ansi@npm:6.2.0"
  dependencies:
    ansi-styles: "npm:^4.0.0"
    string-width: "npm:^4.1.0"
    strip-ansi: "npm:^6.0.0"
  checksum: 85e47f89dce667073472ee5721b1cd238ee88b438e4ee61ab4cfc966740942330462326942dc7d44ee7a1b2001914b8cfb8823ec7d3ed1fec15cf0fdb0410f83
  languageName: node
  linkType: hard

"wrap-ansi@npm:^7.0.0":
  version: 7.0.0
  resolution: "wrap-ansi@npm:7.0.0"
  dependencies:
    ansi-styles: "npm:^4.0.0"
    string-width: "npm:^4.1.0"
    strip-ansi: "npm:^6.0.0"
  checksum: b72e4a1ebd582221c3d7eae2473c7841af1fd435defe08bb3854600013ced559b10efa767b4fdc6725402ab16b79f86f73e5d4edc7cf9214e15733ee34849aa0
  languageName: node
  linkType: hard

"yaml@npm:^2.1.3":
  version: 2.1.3
  resolution: "yaml@npm:2.1.3"
  checksum: 2747f51351cbf5f0d8b1cdd0e25ddfbf3cf3b7604822a1f4024f059af90679f0f6a51943f75dcac6ba119c26c58cf29ce4326aed175c2c17071414c724582389
  languageName: node
  linkType: hard
